
Microsoft Visual Studio Solution File, Format Version 12.00
# Visual Studio Version 17
VisualStudioVersion = 17.7.34031.279
MinimumVisualStudioVersion = 10.0.40219.1
Project("{FAE04EC0-301F-11D3-BF4B-00C04F79EFBC}") = "TextReg", "TextReg\TextReg.csproj", "{AF763A33-4ADE-4110-822B-B1D161ADB448}"
EndProject
Global
	GlobalSection(SolutionConfigurationPlatforms) = preSolution
		Debug|Any CPU = Debug|Any CPU
		Release|Any CPU = Release|Any CPU
	EndGlobalSection
	GlobalSection(ProjectConfigurationPlatforms) = postSolution
		{AF763A33-4ADE-4110-822B-B1D161ADB448}.Debug|Any CPU.ActiveCfg = Debug|Any CPU
		{AF763A33-4ADE-4110-822B-B1D161ADB448}.Debug|Any CPU.Build.0 = Debug|Any CPU
		{AF763A33-4ADE-4110-822B-B1D161ADB448}.Release|Any CPU.ActiveCfg = Release|Any CPU
		{AF763A33-4ADE-4110-822B-B1D161ADB448}.Release|Any CPU.Build.0 = Release|Any CPU
	EndGlobalSection
	GlobalSection(SolutionProperties) = preSolution
		HideSolutionNode = FALSE
	EndGlobalSection
	GlobalSection(ExtensibilityGlobals) = postSolution
		SolutionGuid = {3CFBD207-E16A-4C30-9886-2819540F8FBF}
	EndGlobalSection
EndGlobal
